
Microsoft Visual Studio Solution File, Format Version 12.00
# Visual Studio Version 16
VisualStudioVersion = 16.0.29709.97
MinimumVisualStudioVersion = 10.0.40219.1
Project("{FAE04EC0-301F-11D3-BF4B-00C04F79EFBC}") = "DesignPattern", "DesignPattern.csproj", "{4F754222-E324-4664-8786-C8844A703B19}"
EndProject
Global
	GlobalSection(SolutionConfigurationPlatforms) = preSolution
		Debug|Any CPU = Debug|Any CPU
		Release|Any CPU = Release|Any CPU
	EndGlobalSection
	GlobalSection(ProjectConfigurationPlatforms) = postSolution
		{4F754222-E324-4664-8786-C8844A703B19}.Debug|Any CPU.ActiveCfg = Debug|Any CPU
		{4F754222-E324-4664-8786-C8844A703B19}.Debug|Any CPU.Build.0 = Debug|Any CPU
		{4F754222-E324-4664-8786-C8844A703B19}.Release|Any CPU.ActiveCfg = Release|Any CPU
		{4F754222-E324-4664-8786-C8844A703B19}.Release|Any CPU.Build.0 = Release|Any CPU
	EndGlobalSection
	GlobalSection(SolutionProperties) = preSolution
		HideSolutionNode = FALSE
	EndGlobalSection
	GlobalSection(ExtensibilityGlobals) = postSolution
		SolutionGuid = {E1AF143B-704F-43A4-A0F2-1B992E072B42}
	EndGlobalSection
EndGlobal
